
Microsoft Visual Studio Solution File, Format Version 12.00
# Visual Studio Version 16
VisualStudioVersion = 16.0.32602.291
MinimumVisualStudioVersion = 10.0.40219.1
Project("{FAE04EC0-301F-11D3-BF4B-00C04F79EFBC}") = "FlightReservationsApp", "FlyReservationApp\FlightReservationsApp.csproj", "{75FEE085-865E-42FE-99F7-9BF1B237A440}"
EndProject
Global
	GlobalSection(SolutionConfigurationPlatforms) = preSolution
		Debug|Any CPU = Debug|Any CPU
		Release|Any CPU = Release|Any CPU
	EndGlobalSection
	GlobalSection(ProjectConfigurationPlatforms) = postSolution
		{75FEE085-865E-42FE-99F7-9BF1B237A440}.Debug|Any CPU.ActiveCfg = Debug|Any CPU
		{75FEE085-865E-42FE-99F7-9BF1B237A440}.Debug|Any CPU.Build.0 = Debug|Any CPU
		{75FEE085-865E-42FE-99F7-9BF1B237A440}.Release|Any CPU.ActiveCfg = Release|Any CPU
		{75FEE085-865E-42FE-99F7-9BF1B237A440}.Release|Any CPU.Build.0 = Release|Any CPU
	EndGlobalSection
	GlobalSection(SolutionProperties) = preSolution
		HideSolutionNode = FALSE
	EndGlobalSection
	GlobalSection(ExtensibilityGlobals) = postSolution
		SolutionGuid = {7D555335-38E4-453B-894B-840E69903146}
	EndGlobalSection
EndGlobal
